
Microsoft Visual Studio Solution File, Format Version 12.00
# Visual Studio 15
VisualStudioVersion = 15.0.28010.2016
MinimumVisualStudioVersion = 10.0.40219.1
Project("{8BC9CEB8-8B4A-11D0-8D11-00A0C91BC942}") = "Starter-Cpp-Stack", "Starter-Cpp-Stack\Starter-Cpp-Stack.vcxproj", "{9063F37E-45E5-40E2-B217-430CDD9FDEB8}"
EndProject
Global
	GlobalSection(SolutionConfigurationPlatforms) = preSolution
		Debug|x64 = Debug|x64
		Debug|x86 = Debug|x86
		Release|x64 = Release|x64
		Release|x86 = Release|x86
	EndGlobalSection
	GlobalSection(ProjectConfigurationPlatforms) = postSolution
		{9063F37E-45E5-40E2-B217-430CDD9FDEB8}.Debug|x64.ActiveCfg = Debug|x64
		{9063F37E-45E5-40E2-B217-430CDD9FDEB8}.Debug|x64.Build.0 = Debug|x64
		{9063F37E-45E5-40E2-B217-430CDD9FDEB8}.Debug|x86.ActiveCfg = Debug|Win32
		{9063F37E-45E5-40E2-B217-430CDD9FDEB8}.Debug|x86.Build.0 = Debug|Win32
		{9063F37E-45E5-40E2-B217-430CDD9FDEB8}.Release|x64.ActiveCfg = Release|x64
		{9063F37E-45E5-40E2-B217-430CDD9FDEB8}.Release|x64.Build.0 = Release|x64
		{9063F37E-45E5-40E2-B217-430CDD9FDEB8}.Release|x86.ActiveCfg = Release|Win32
		{9063F37E-45E5-40E2-B217-430CDD9FDEB8}.Release|x86.Build.0 = Release|Win32
	EndGlobalSection
	GlobalSection(SolutionProperties) = preSolution
		HideSolutionNode = FALSE
	EndGlobalSection
	GlobalSection(ExtensibilityGlobals) = postSolution
		SolutionGuid = {C0E1F4FD-919E-4A34-90EB-938FC1016562}
	EndGlobalSection
EndGlobal
